{
  "name": "backend",
  "version": "1.0.0",
  "lockfileVersion": 3,
  "requires": true,
  "packages": {
    "": {
      "name": "backend",
      "version": "1.0.0",
      "license": "ISC",
      "dependencies": {
        "@walletconnect/client": "^1.8.0"
      }
    },
    "node_modules/@noble/ciphers": {
      "version": "1.2.0",
      "resolved": "https://registry.npmjs.org/@noble/ciphers/-/ciphers-1.2.0.tgz",
      "integrity": "sha512-YGdEUzYEd+82jeaVbSKKVp1jFZb8LwaNMIIzHFkihGvYdd/KKAr7KaJHdEdSYGredE3ssSravXIa0Jxg28Sv5w==",
      "license": "MIT",
      "engines": {
        "node": "^14.21.3 || >=16"
      },
      "funding": {
        "url": "https://paulmillr.com/funding/"
      }
    },
    "node_modules/@noble/hashes": {
      "version": "1.7.0",
      "resolved": "https://registry.npmjs.org/@noble/hashes/-/hashes-1.7.0.tgz",
      "integrity": "sha512-HXydb0DgzTpDPwbVeDGCG1gIu7X6+AuU6Zl6av/E/KG8LMsvPntvq+w17CHRpKBmN6Ybdrt1eP3k4cj8DJa78w==",
      "license": "MIT",
      "engines": {
        "node": "^14.21.3 || >=16"
      },
      "funding": {
        "url": "https://paulmillr.com/funding/"
      }
    },
    "node_modules/@walletconnect/browser-utils": {
      "version": "1.8.0",
      "resolved": "https://registry.npmjs.org/@walletconnect/browser-utils/-/browser-utils-1.8.0.tgz",
      "integrity": "sha512-Wcqqx+wjxIo9fv6eBUFHPsW1y/bGWWRboni5dfD8PtOmrihrEpOCmvRJe4rfl7xgJW8Ea9UqKEaq0bIRLHlK4A==",
      "license": "Apache-2.0",
      "dependencies": {
        "@walletconnect/safe-json": "1.0.0",
        "@walletconnect/types": "^1.8.0",
        "@walletconnect/window-getters": "1.0.0",
        "@walletconnect/window-metadata": "1.0.0",
        "detect-browser": "5.2.0"
      }
    },
    "node_modules/@walletconnect/client": {
      "version": "1.8.0",
      "resolved": "https://registry.npmjs.org/@walletconnect/client/-/client-1.8.0.tgz",
      "integrity": "sha512-svyBQ14NHx6Cs2j4TpkQaBI/2AF4+LXz64FojTjMtV4VMMhl81jSO1vNeg+yYhQzvjcGH/GpSwixjyCW0xFBOQ==",
      "deprecated": "WalletConnect's v1 SDKs are now deprecated. Please upgrade to a v2 SDK. For details see: https://docs.walletconnect.com/",
      "license": "Apache-2.0",
      "dependencies": {
        "@walletconnect/core": "^1.8.0",
        "@walletconnect/iso-crypto": "^1.8.0",
        "@walletconnect/types": "^1.8.0",
        "@walletconnect/utils": "^1.8.0"
      }
    },
    "node_modules/@walletconnect/core": {
      "version": "1.8.0",
      "resolved": "https://registry.npmjs.org/@walletconnect/core/-/core-1.8.0.tgz",
      "integrity": "sha512-aFTHvEEbXcZ8XdWBw6rpQDte41Rxwnuk3SgTD8/iKGSRTni50gI9S3YEzMj05jozSiOBxQci4pJDMVhIUMtarw==",
      "license": "Apache-2.0",
      "dependencies": {
        "@walletconnect/socket-transport": "^1.8.0",
        "@walletconnect/types": "^1.8.0",
        "@walletconnect/utils": "^1.8.0"
      }
    },
    "node_modules/@walletconnect/crypto": {
      "version": "1.1.0",
      "resolved": "https://registry.npmjs.org/@walletconnect/crypto/-/crypto-1.1.0.tgz",
      "integrity": "sha512-yZO8BBTQt7BcaemjDgwN56OmSv0OO4QjIpvtfj5OxZfL6IQZQWHOhwC6pJg+BmZPbDlJlWFqFuCZRtiPwRmsoA==",
      "license": "MIT",
      "dependencies": {
        "@noble/ciphers": "1.2.0",
        "@noble/hashes": "1.7.0",
        "@walletconnect/encoding": "^1.0.2",
        "@walletconnect/environment": "^1.0.1",
        "@walletconnect/randombytes": "^1.0.3",
        "tslib": "1.14.1"
      }
    },
    "node_modules/@walletconnect/encoding": {
      "version": "1.0.2",
      "resolved": "https://registry.npmjs.org/@walletconnect/encoding/-/encoding-1.0.2.tgz",
      "integrity": "sha512-CrwSBrjqJ7rpGQcTL3kU+Ief+Bcuu9PH6JLOb+wM6NITX1GTxR/MfNwnQfhLKK6xpRAyj2/nM04OOH6wS8Imag==",
      "license": "MIT",
      "dependencies": {
        "is-typedarray": "1.0.0",
        "tslib": "1.14.1",
        "typedarray-to-buffer": "3.1.5"
      }
    },
    "node_modules/@walletconnect/environment": {
      "version": "1.0.1",
      "resolved": "https://registry.npmjs.org/@walletconnect/environment/-/environment-1.0.1.tgz",
      "integrity": "sha512-T426LLZtHj8e8rYnKfzsw1aG6+M0BT1ZxayMdv/p8yM0MU+eJDISqNY3/bccxRr4LrF9csq02Rhqt08Ibl0VRg==",
      "license": "MIT",
      "dependencies": {
        "tslib": "1.14.1"
      }
    },
    "node_modules/@walletconnect/iso-crypto": {
      "version": "1.8.0",
      "resolved": "https://registry.npmjs.org/@walletconnect/iso-crypto/-/iso-crypto-1.8.0.tgz",
      "integrity": "sha512-pWy19KCyitpfXb70hA73r9FcvklS+FvO9QUIttp3c2mfW8frxgYeRXfxLRCIQTkaYueRKvdqPjbyhPLam508XQ==",
      "license": "Apache-2.0",
      "dependencies": {
        "@walletconnect/crypto": "^1.0.2",
        "@walletconnect/types": "^1.8.0",
        "@walletconnect/utils": "^1.8.0"
      }
    },
    "node_modules/@walletconnect/jsonrpc-types": {
      "version": "1.0.4",
      "resolved": "https://registry.npmjs.org/@walletconnect/jsonrpc-types/-/jsonrpc-types-1.0.4.tgz",
      "integrity": "sha512-P6679fG/M+wuWg9TY8mh6xFSdYnFyFjwFelxyISxMDrlbXokorEVXYOxiqEbrU3x1BmBoCAJJ+vtEaEoMlpCBQ==",
      "license": "MIT",
      "dependencies": {
        "events": "^3.3.0",
        "keyvaluestorage-interface": "^1.0.0"
      }
    },
    "node_modules/@walletconnect/jsonrpc-utils": {
      "version": "1.0.8",
      "resolved": "https://registry.npmjs.org/@walletconnect/jsonrpc-utils/-/jsonrpc-utils-1.0.8.tgz",
      "integrity": "sha512-vdeb03bD8VzJUL6ZtzRYsFMq1eZQcM3EAzT0a3st59dyLfJ0wq+tKMpmGH7HlB7waD858UWgfIcudbPFsbzVdw==",
      "license": "MIT",
      "dependencies": {
        "@walletconnect/environment": "^1.0.1",
        "@walletconnect/jsonrpc-types": "^1.0.3",
        "tslib": "1.14.1"
      }
    },
    "node_modules/@walletconnect/randombytes": {
      "version": "1.1.0",
      "resolved": "https://registry.npmjs.org/@walletconnect/randombytes/-/randombytes-1.1.0.tgz",
      "integrity": "sha512-X+LO/9ClnXX2Q/1+u83qMnohVaxC4qsXByM/gMSwGMrUObxEiqEWS+b9Upg9oNl6mTr85dTCRF8W17KVcKKXQw==",
      "license": "MIT",
      "dependencies": {
        "@noble/hashes": "1.7.0",
        "@walletconnect/encoding": "^1.0.2",
        "@walletconnect/environment": "^1.0.1",
        "tslib": "1.14.1"
      }
    },
    "node_modules/@walletconnect/safe-json": {
      "version": "1.0.0",
      "resolved": "https://registry.npmjs.org/@walletconnect/safe-json/-/safe-json-1.0.0.tgz",
      "integrity": "sha512-QJzp/S/86sUAgWY6eh5MKYmSfZaRpIlmCJdi5uG4DJlKkZrHEF7ye7gA+VtbVzvTtpM/gRwO2plQuiooIeXjfg==",
      "license": "MIT"
    },
    "node_modules/@walletconnect/socket-transport": {
      "version": "1.8.0",
      "resolved": "https://registry.npmjs.org/@walletconnect/socket-transport/-/socket-transport-1.8.0.tgz",
      "integrity": "sha512-5DyIyWrzHXTcVp0Vd93zJ5XMW61iDM6bcWT4p8DTRfFsOtW46JquruMhxOLeCOieM4D73kcr3U7WtyR4JUsGuQ==",
      "license": "Apache-2.0",
      "dependencies": {
        "@walletconnect/types": "^1.8.0",
        "@walletconnect/utils": "^1.8.0",
        "ws": "7.5.3"
      }
    },
    "node_modules/@walletconnect/types": {
      "version": "1.8.0",
      "resolved": "https://registry.npmjs.org/@walletconnect/types/-/types-1.8.0.tgz",
      "integrity": "sha512-Cn+3I0V0vT9ghMuzh1KzZvCkiAxTq+1TR2eSqw5E5AVWfmCtECFkVZBP6uUJZ8YjwLqXheI+rnjqPy7sVM4Fyg==",
      "deprecated": "WalletConnect's v1 SDKs are now deprecated. Please upgrade to a v2 SDK. For details see: https://docs.walletconnect.com/",
      "license": "Apache-2.0"
    },
    "node_modules/@walletconnect/utils": {
      "version": "1.8.0",
      "resolved": "https://registry.npmjs.org/@walletconnect/utils/-/utils-1.8.0.tgz",
      "integrity": "sha512-zExzp8Mj1YiAIBfKNm5u622oNw44WOESzo6hj+Q3apSMIb0Jph9X3GDIdbZmvVZsNPxWDL7uodKgZcCInZv2vA==",
      "license": "Apache-2.0",
      "dependencies": {
        "@walletconnect/browser-utils": "^1.8.0",
        "@walletconnect/encoding": "^1.0.1",
        "@walletconnect/jsonrpc-utils": "^1.0.3",
        "@walletconnect/types": "^1.8.0",
        "bn.js": "4.11.8",
        "js-sha3": "0.8.0",
        "query-string": "6.13.5"
      }
    },
    "node_modules/@walletconnect/window-getters": {
      "version": "1.0.0",
      "resolved": "https://registry.npmjs.org/@walletconnect/window-getters/-/window-getters-1.0.0.tgz",
      "integrity": "sha512-xB0SQsLaleIYIkSsl43vm8EwETpBzJ2gnzk7e0wMF3ktqiTGS6TFHxcprMl5R44KKh4tCcHCJwolMCaDSwtAaA==",
      "license": "MIT"
    },
    "node_modules/@walletconnect/window-metadata": {
      "version": "1.0.0",
      "resolved": "https://registry.npmjs.org/@walletconnect/window-metadata/-/window-metadata-1.0.0.tgz",
      "integrity": "sha512-9eFvmJxIKCC3YWOL97SgRkKhlyGXkrHwamfechmqszbypFspaSk+t2jQXAEU7YClHF6Qjw5eYOmy1//zFi9/GA==",
      "license": "MIT",
      "dependencies": {
        "@walletconnect/window-getters": "^1.0.0"
      }
    },
    "node_modules/bn.js": {
      "version": "4.11.8",
      "resolved": "https://registry.npmjs.org/bn.js/-/bn.js-4.11.8.tgz",
      "integrity": "sha512-ItfYfPLkWHUjckQCk8xC+LwxgK8NYcXywGigJgSwOP8Y2iyWT4f2vsZnoOXTTbo+o5yXmIUJ4gn5538SO5S3gA==",
      "license": "MIT"
    },
    "node_modules/decode-uri-component": {
      "version": "0.2.2",
      "resolved": "https://registry.npmjs.org/decode-uri-component/-/decode-uri-component-0.2.2.tgz",
      "integrity": "sha512-FqUYQ+8o158GyGTrMFJms9qh3CqTKvAqgqsTnkLI8sKu0028orqBhxNMFkFen0zGyg6epACD32pjVk58ngIErQ==",
      "license": "MIT",
      "engines": {
        "node": ">=0.10"
      }
    },
    "node_modules/detect-browser": {
      "version": "5.2.0",
      "resolved": "https://registry.npmjs.org/detect-browser/-/detect-browser-5.2.0.tgz",
      "integrity": "sha512-tr7XntDAu50BVENgQfajMLzacmSe34D+qZc4zjnniz0ZVuw/TZcLcyxHQjYpJTM36sGEkZZlYLnIM1hH7alTMA==",
      "license": "MIT"
    },
    "node_modules/events": {
      "version": "3.3.0",
      "resolved": "https://registry.npmjs.org/events/-/events-3.3.0.tgz",
      "integrity": "sha512-mQw+2fkQbALzQ7V0MY0IqdnXNOeTtP4r0lN9z7AAawCXgqea7bDii20AYrIBrFd/Hx0M2Ocz6S111CaFkUcb0Q==",
      "license": "MIT",
      "engines": {
        "node": ">=0.8.x"
      }
    },
    "node_modules/is-typedarray": {
      "version": "1.0.0",
      "resolved": "https://registry.npmjs.org/is-typedarray/-/is-typedarray-1.0.0.tgz",
      "integrity": "sha512-cyA56iCMHAh5CdzjJIa4aohJyeO1YbwLi3Jc35MmRU6poroFjIGZzUzupGiRPOjgHg9TLu43xbpwXk523fMxKA==",
      "license": "MIT"
    },
    "node_modules/js-sha3": {
      "version": "0.8.0",
      "resolved": "https://registry.npmjs.org/js-sha3/-/js-sha3-0.8.0.tgz",
      "integrity": "sha512-gF1cRrHhIzNfToc802P800N8PpXS+evLLXfsVpowqmAFR9uwbi89WvXg2QspOmXL8QL86J4T1EpFu+yUkwJY3Q==",
      "license": "MIT"
    },
    "node_modules/keyvaluestorage-interface": {
      "version": "1.0.0",
      "resolved": "https://registry.npmjs.org/keyvaluestorage-interface/-/keyvaluestorage-interface-1.0.0.tgz",
      "integrity": "sha512-8t6Q3TclQ4uZynJY9IGr2+SsIGwK9JHcO6ootkHCGA0CrQCRy+VkouYNO2xicET6b9al7QKzpebNow+gkpCL8g==",
      "license": "MIT"
    },
    "node_modules/query-string": {
      "version": "6.13.5",
      "resolved": "https://registry.npmjs.org/query-string/-/query-string-6.13.5.tgz",
      "integrity": "sha512-svk3xg9qHR39P3JlHuD7g3nRnyay5mHbrPctEBDUxUkHRifPHXJDhBUycdCC0NBjXoDf44Gb+IsOZL1Uwn8M/Q==",
      "license": "MIT",
      "dependencies": {
        "decode-uri-component": "^0.2.0",
        "split-on-first": "^1.0.0",
        "strict-uri-encode": "^2.0.0"
      },
      "engines": {
        "node": ">=6"
      },
      "funding": {
        "url": "https://github.com/sponsors/sindresorhus"
      }
    },
    "node_modules/split-on-first": {
      "version": "1.1.0",
      "resolved": "https://registry.npmjs.org/split-on-first/-/split-on-first-1.1.0.tgz",
      "integrity": "sha512-43ZssAJaMusuKWL8sKUBQXHWOpq8d6CfN/u1p4gUzfJkM05C8rxTmYrkIPTXapZpORA6LkkzcUulJ8FqA7Uudw==",
      "license": "MIT",
      "engines": {
        "node": ">=6"
      }
    },
    "node_modules/strict-uri-encode": {
      "version": "2.0.0",
      "resolved": "https://registry.npmjs.org/strict-uri-encode/-/strict-uri-encode-2.0.0.tgz",
      "integrity": "sha512-QwiXZgpRcKkhTj2Scnn++4PKtWsH0kpzZ62L2R6c/LUVYv7hVnZqcg2+sMuT6R7Jusu1vviK/MFsu6kNJfWlEQ==",
      "license": "MIT",
      "engines": {
        "node": ">=4"
      }
    },
    "node_modules/tslib": {
      "version": "1.14.1",
      "resolved": "https://registry.npmjs.org/tslib/-/tslib-1.14.1.tgz",
      "integrity": "sha512-Xni35NKzjgMrwevysHTCArtLDpPvye8zV/0E4EyYn43P7/7qvQwPh9BGkHewbMulVntbigmcT7rdX3BNo9wRJg==",
      "license": "0BSD"
    },
    "node_modules/typedarray-to-buffer": {
      "version": "3.1.5",
      "resolved": "https://registry.npmjs.org/typedarray-to-buffer/-/typedarray-to-buffer-3.1.5.tgz",
      "integrity": "sha512-zdu8XMNEDepKKR+XYOXAVPtWui0ly0NtohUscw+UmaHiAWT8hrV1rr//H6V+0DvJ3OQ19S979M0laLfX8rm82Q==",
      "license": "MIT",
      "dependencies": {
        "is-typedarray": "^1.0.0"
      }
    },
    "node_modules/ws": {
      "version": "7.5.3",
      "resolved": "https://registry.npmjs.org/ws/-/ws-7.5.3.tgz",
      "integrity": "sha512-kQ/dHIzuLrS6Je9+uv81ueZomEwH0qVYstcAQ4/Z93K8zeko9gtAbttJWzoC5ukqXY1PpoouV3+VSOqEAFt5wg==",
      "license": "MIT",
      "engines": {
        "node": ">=8.3.0"
      },
      "peerDependencies": {
        "bufferutil": "^4.0.1",
        "utf-8-validate": "^5.0.2"
      },
      "peerDependenciesMeta": {
        "bufferutil": {
          "optional": true
        },
        "utf-8-validate": {
          "optional": true
        }
      }
    }
  }
}
